
Microsoft Visual Studio Solution File, Format Version 12.00
# Visual Studio 14
VisualStudioVersion = 14.0.23107.0
MinimumVisualStudioVersion = 10.0.40219.1
Project("{FAE04EC0-301F-11D3-BF4B-00C04F79EFBC}") = "Contingent.Api", "Contingent.Api\Contingent.Api.csproj", "{3646EC30-C882-4F70-A850-8BCF0452D540}"
EndProject
Project("{FAE04EC0-301F-11D3-BF4B-00C04F79EFBC}") = "Contingent.Scheduler", "Contingent.Scheduler\Contingent.Scheduler.csproj", "{F84E9C69-0E32-492A-8782-C67E3BCBD4FB}"
EndProject
Project("{FAE04EC0-301F-11D3-BF4B-00C04F79EFBC}") = "Contingent.Scheduler.Contracts", "Contingent.Scheduler.Contracts\Contingent.Scheduler.Contracts.csproj", "{A6713016-84BB-4756-A501-93F080D43A93}"
EndProject
Global
	GlobalSection(SolutionConfigurationPlatforms) = preSolution
		Debug|Any CPU = Debug|Any CPU
		Release|Any CPU = Release|Any CPU
	EndGlobalSection
	GlobalSection(ProjectConfigurationPlatforms) = postSolution
		{3646EC30-C882-4F70-A850-8BCF0452D540}.Debug|Any CPU.ActiveCfg = Debug|Any CPU
		{3646EC30-C882-4F70-A850-8BCF0452D540}.Debug|Any CPU.Build.0 = Debug|Any CPU
		{3646EC30-C882-4F70-A850-8BCF0452D540}.Release|Any CPU.ActiveCfg = Release|Any CPU
		{3646EC30-C882-4F70-A850-8BCF0452D540}.Release|Any CPU.Build.0 = Release|Any CPU
		{F84E9C69-0E32-492A-8782-C67E3BCBD4FB}.Debug|Any CPU.ActiveCfg = Debug|Any CPU
		{F84E9C69-0E32-492A-8782-C67E3BCBD4FB}.Debug|Any CPU.Build.0 = Debug|Any CPU
		{F84E9C69-0E32-492A-8782-C67E3BCBD4FB}.Release|Any CPU.ActiveCfg = Release|Any CPU
		{F84E9C69-0E32-492A-8782-C67E3BCBD4FB}.Release|Any CPU.Build.0 = Release|Any CPU
		{A6713016-84BB-4756-A501-93F080D43A93}.Debug|Any CPU.ActiveCfg = Debug|Any CPU
		{A6713016-84BB-4756-A501-93F080D43A93}.Debug|Any CPU.Build.0 = Debug|Any CPU
		{A6713016-84BB-4756-A501-93F080D43A93}.Release|Any CPU.ActiveCfg = Release|Any CPU
		{A6713016-84BB-4756-A501-93F080D43A93}.Release|Any CPU.Build.0 = Release|Any CPU
	EndGlobalSection
	GlobalSection(SolutionProperties) = preSolution
		HideSolutionNode = FALSE
	EndGlobalSection
EndGlobal
